
Microsoft Visual Studio Solution File, Format Version 12.00
# Visual Studio Version 17
VisualStudioVersion = 17.13.35818.85 d17.13
MinimumVisualStudioVersion = 10.0.40219.1
Project("{FAE04EC0-301F-11D3-BF4B-00C04F79EFBC}") = "OcelotPractice", "OcelotPractice\OcelotPractice.csproj", "{0935A140-F9E0-4E23-9453-B5E9E0ACCD5A}"
EndProject
Global
	GlobalSection(SolutionConfigurationPlatforms) = preSolution
		Debug|Any CPU = Debug|Any CPU
		Release|Any CPU = Release|Any CPU
	EndGlobalSection
	GlobalSection(ProjectConfigurationPlatforms) = postSolution
		{0935A140-F9E0-4E23-9453-B5E9E0ACCD5A}.Debug|Any CPU.ActiveCfg = Debug|Any CPU
		{0935A140-F9E0-4E23-9453-B5E9E0ACCD5A}.Debug|Any CPU.Build.0 = Debug|Any CPU
		{0935A140-F9E0-4E23-9453-B5E9E0ACCD5A}.Release|Any CPU.ActiveCfg = Release|Any CPU
		{0935A140-F9E0-4E23-9453-B5E9E0ACCD5A}.Release|Any CPU.Build.0 = Release|Any CPU
	EndGlobalSection
	GlobalSection(SolutionProperties) = preSolution
		HideSolutionNode = FALSE
	EndGlobalSection
	GlobalSection(ExtensibilityGlobals) = postSolution
		SolutionGuid = {56ABF864-1CED-4624-A8E7-1A455FEDC393}
	EndGlobalSection
EndGlobal
